
Microsoft Visual Studio Solution File, Format Version 12.00
# Visual Studio Version 16
VisualStudioVersion = 25.0.1706.0
MinimumVisualStudioVersion = 10.0.40219.1
Project("{FAE04EC0-301F-11D3-BF4B-00C04F79EFBC}") = "sam", "sam\sam.csproj", "{4FB5C0E1-1F77-4F5B-A979-9643B9E486F7}"
EndProject
Project("{FAE04EC0-301F-11D3-BF4B-00C04F79EFBC}") = "sam1", "..\sam1\sam1.csproj", "{2B121F12-64CF-48E6-B0A2-52EC4B936CA7}"
EndProject
Global
	GlobalSection(SolutionConfigurationPlatforms) = preSolution
		Debug|Any CPU = Debug|Any CPU
		Release|Any CPU = Release|Any CPU
	EndGlobalSection
	GlobalSection(ProjectConfigurationPlatforms) = postSolution
		{4FB5C0E1-1F77-4F5B-A979-9643B9E486F7}.Debug|Any CPU.ActiveCfg = Debug|Any CPU
		{4FB5C0E1-1F77-4F5B-A979-9643B9E486F7}.Debug|Any CPU.Build.0 = Debug|Any CPU
		{4FB5C0E1-1F77-4F5B-A979-9643B9E486F7}.Release|Any CPU.ActiveCfg = Release|Any CPU
		{4FB5C0E1-1F77-4F5B-A979-9643B9E486F7}.Release|Any CPU.Build.0 = Release|Any CPU
		{2B121F12-64CF-48E6-B0A2-52EC4B936CA7}.Debug|Any CPU.ActiveCfg = Debug|Any CPU
		{2B121F12-64CF-48E6-B0A2-52EC4B936CA7}.Debug|Any CPU.Build.0 = Debug|Any CPU
		{2B121F12-64CF-48E6-B0A2-52EC4B936CA7}.Release|Any CPU.ActiveCfg = Release|Any CPU
		{2B121F12-64CF-48E6-B0A2-52EC4B936CA7}.Release|Any CPU.Build.0 = Release|Any CPU
	EndGlobalSection
	GlobalSection(SolutionProperties) = preSolution
		HideSolutionNode = FALSE
	EndGlobalSection
	GlobalSection(ExtensibilityGlobals) = postSolution
		SolutionGuid = {66B55C48-131C-45ED-AFF9-339887A5710C}
	EndGlobalSection
EndGlobal
